
Microsoft Visual Studio Solution File, Format Version 12.00
# Visual Studio 14
VisualStudioVersion = 14.0.25123.0
MinimumVisualStudioVersion = 10.0.40219.1
Project("{FAE04EC0-301F-11D3-BF4B-00C04F79EFBC}") = "JMMForWindows", "JMMClient\JMMForWindows.csproj", "{B44B8402-A60B-4462-94FE-388DAB208360}"
EndProject
Global
	GlobalSection(SolutionConfigurationPlatforms) = preSolution
		Debug|Any CPU = Debug|Any CPU
		Debug|x86 = Debug|x86
		Release|Any CPU = Release|Any CPU
		Release|x86 = Release|x86
	EndGlobalSection
	GlobalSection(ProjectConfigurationPlatforms) = postSolution
		{B44B8402-A60B-4462-94FE-388DAB208360}.Debug|Any CPU.ActiveCfg = Debug|Any CPU
		{B44B8402-A60B-4462-94FE-388DAB208360}.Debug|Any CPU.Build.0 = Debug|Any CPU
		{B44B8402-A60B-4462-94FE-388DAB208360}.Debug|x86.ActiveCfg = Debug|Any CPU
		{B44B8402-A60B-4462-94FE-388DAB208360}.Debug|x86.Build.0 = Debug|Any CPU
		{B44B8402-A60B-4462-94FE-388DAB208360}.Debug|x86.Deploy.0 = Debug|Any CPU
		{B44B8402-A60B-4462-94FE-388DAB208360}.Release|Any CPU.ActiveCfg = Release|Any CPU
		{B44B8402-A60B-4462-94FE-388DAB208360}.Release|Any CPU.Build.0 = Release|Any CPU
		{B44B8402-A60B-4462-94FE-388DAB208360}.Release|x86.ActiveCfg = Release|x86
		{B44B8402-A60B-4462-94FE-388DAB208360}.Release|x86.Build.0 = Release|x86
	EndGlobalSection
	GlobalSection(SolutionProperties) = preSolution
		HideSolutionNode = FALSE
	EndGlobalSection
EndGlobal
