
Microsoft Visual Studio Solution File, Format Version 12.00
# Visual Studio Version 16
VisualStudioVersion = 16.0.30128.74
MinimumVisualStudioVersion = 10.0.40219.1
Project("{9A19103F-16F7-4668-BE54-9A1E7A4F7556}") = "Shoko.Desktop", "Shoko.Desktop\Shoko.Desktop.csproj", "{09AEA890-CDF0-497E-8A36-A2EEA8AC29C8}"
EndProject
Project("{9A19103F-16F7-4668-BE54-9A1E7A4F7556}") = "Shoko.Models", "Shoko.Commons\Shoko.Models\Shoko.Models.csproj", "{5B8117E9-C3AD-4492-B81C-00BCBF4A9FCB}"
EndProject
Project("{9A19103F-16F7-4668-BE54-9A1E7A4F7556}") = "Shoko.Commons", "Shoko.Commons\Shoko.Commons.csproj", "{5A1FE6F2-4F85-4D3E-BA2D-88DF21C0FE60}"
EndProject
Global
	GlobalSection(SolutionConfigurationPlatforms) = preSolution
		Debug|Any CPU = Debug|Any CPU
		Debug|x64 = Debug|x64
		Debug|x86 = Debug|x86
		Release|Any CPU = Release|Any CPU
		Release|x64 = Release|x64
		Release|x86 = Release|x86
	EndGlobalSection
	GlobalSection(ProjectConfigurationPlatforms) = postSolution
		{09AEA890-CDF0-497E-8A36-A2EEA8AC29C8}.Debug|Any CPU.ActiveCfg = Debug|Any CPU
		{09AEA890-CDF0-497E-8A36-A2EEA8AC29C8}.Debug|Any CPU.Build.0 = Debug|Any CPU
		{09AEA890-CDF0-497E-8A36-A2EEA8AC29C8}.Debug|x64.ActiveCfg = Debug|Any CPU
		{09AEA890-CDF0-497E-8A36-A2EEA8AC29C8}.Debug|x64.Build.0 = Debug|Any CPU
		{09AEA890-CDF0-497E-8A36-A2EEA8AC29C8}.Debug|x86.ActiveCfg = Debug|Any CPU
		{09AEA890-CDF0-497E-8A36-A2EEA8AC29C8}.Debug|x86.Build.0 = Debug|Any CPU
		{09AEA890-CDF0-497E-8A36-A2EEA8AC29C8}.Release|Any CPU.ActiveCfg = Release|Any CPU
		{09AEA890-CDF0-497E-8A36-A2EEA8AC29C8}.Release|Any CPU.Build.0 = Release|Any CPU
		{09AEA890-CDF0-497E-8A36-A2EEA8AC29C8}.Release|x64.ActiveCfg = Release|Any CPU
		{09AEA890-CDF0-497E-8A36-A2EEA8AC29C8}.Release|x64.Build.0 = Release|Any CPU
		{09AEA890-CDF0-497E-8A36-A2EEA8AC29C8}.Release|x86.ActiveCfg = Release|Any CPU
		{09AEA890-CDF0-497E-8A36-A2EEA8AC29C8}.Release|x86.Build.0 = Release|Any CPU
		{5B8117E9-C3AD-4492-B81C-00BCBF4A9FCB}.Debug|Any CPU.ActiveCfg = Debug|Any CPU
		{5B8117E9-C3AD-4492-B81C-00BCBF4A9FCB}.Debug|Any CPU.Build.0 = Debug|Any CPU
		{5B8117E9-C3AD-4492-B81C-00BCBF4A9FCB}.Debug|x64.ActiveCfg = Debug|Any CPU
		{5B8117E9-C3AD-4492-B81C-00BCBF4A9FCB}.Debug|x64.Build.0 = Debug|Any CPU
		{5B8117E9-C3AD-4492-B81C-00BCBF4A9FCB}.Debug|x86.ActiveCfg = Debug|Any CPU
		{5B8117E9-C3AD-4492-B81C-00BCBF4A9FCB}.Debug|x86.Build.0 = Debug|Any CPU
		{5B8117E9-C3AD-4492-B81C-00BCBF4A9FCB}.Release|Any CPU.ActiveCfg = Release|Any CPU
		{5B8117E9-C3AD-4492-B81C-00BCBF4A9FCB}.Release|Any CPU.Build.0 = Release|Any CPU
		{5B8117E9-C3AD-4492-B81C-00BCBF4A9FCB}.Release|x64.ActiveCfg = Release|Any CPU
		{5B8117E9-C3AD-4492-B81C-00BCBF4A9FCB}.Release|x64.Build.0 = Release|Any CPU
		{5B8117E9-C3AD-4492-B81C-00BCBF4A9FCB}.Release|x86.ActiveCfg = Release|Any CPU
		{5B8117E9-C3AD-4492-B81C-00BCBF4A9FCB}.Release|x86.Build.0 = Release|Any CPU
		{5A1FE6F2-4F85-4D3E-BA2D-88DF21C0FE60}.Debug|Any CPU.ActiveCfg = Debug|Any CPU
		{5A1FE6F2-4F85-4D3E-BA2D-88DF21C0FE60}.Debug|Any CPU.Build.0 = Debug|Any CPU
		{5A1FE6F2-4F85-4D3E-BA2D-88DF21C0FE60}.Debug|x64.ActiveCfg = Debug|Any CPU
		{5A1FE6F2-4F85-4D3E-BA2D-88DF21C0FE60}.Debug|x64.Build.0 = Debug|Any CPU
		{5A1FE6F2-4F85-4D3E-BA2D-88DF21C0FE60}.Debug|x86.ActiveCfg = Debug|Any CPU
		{5A1FE6F2-4F85-4D3E-BA2D-88DF21C0FE60}.Debug|x86.Build.0 = Debug|Any CPU
		{5A1FE6F2-4F85-4D3E-BA2D-88DF21C0FE60}.Release|Any CPU.ActiveCfg = Release|Any CPU
		{5A1FE6F2-4F85-4D3E-BA2D-88DF21C0FE60}.Release|Any CPU.Build.0 = Release|Any CPU
		{5A1FE6F2-4F85-4D3E-BA2D-88DF21C0FE60}.Release|x64.ActiveCfg = Release|Any CPU
		{5A1FE6F2-4F85-4D3E-BA2D-88DF21C0FE60}.Release|x64.Build.0 = Release|Any CPU
		{5A1FE6F2-4F85-4D3E-BA2D-88DF21C0FE60}.Release|x86.ActiveCfg = Release|Any CPU
		{5A1FE6F2-4F85-4D3E-BA2D-88DF21C0FE60}.Release|x86.Build.0 = Release|Any CPU
	EndGlobalSection
	GlobalSection(SolutionProperties) = preSolution
		HideSolutionNode = FALSE
	EndGlobalSection
	GlobalSection(ExtensibilityGlobals) = postSolution
		SolutionGuid = {A0FDE4AC-AFCE-46C2-AC04-29EC998C3D7C}
	EndGlobalSection
EndGlobal
